// !$*UTF8*$!
{
	archiveVersion = 1;
	classes = {
	};
	objectVersion = 56;
	objects = {

/* Begin PBXBuildFile section */
		5F4C936A29A260AB001AACCC /* HourlyForecastView.swift in Sources */ = {isa = PBXBuildFile; fileRef = 5F4C936929A260AB001AACCC /* HourlyForecastView.swift */; };
		5F4C936C29A26153001AACCC /* HourlyForecastCVCell.swift in Sources */ = {isa = PBXBuildFile; fileRef = 5F4C936B29A26153001AACCC /* HourlyForecastCVCell.swift */; };
		5F4C936E29A308F6001AACCC /* APIEnvironment.swift in Sources */ = {isa = PBXBuildFile; fileRef = 5F4C936D29A308F6001AACCC /* APIEnvironment.swift */; };
		5F619B4329A22F2C002DB2EC /* EndPoints.swift in Sources */ = {isa = PBXBuildFile; fileRef = 5F619B4229A22F2C002DB2EC /* EndPoints.swift */; };
		5FAC762229A2488A0084392A /* CurrentTemperatureView.swift in Sources */ = {isa = PBXBuildFile; fileRef = 5FAC762129A2488A0084392A /* CurrentTemperatureView.swift */; };
		5FAC762429A2513F0084392A /* CommonExtentions.swift in Sources */ = {isa = PBXBuildFile; fileRef = 5FAC762329A2513F0084392A /* CommonExtentions.swift */; };
		5FACF59329A0BC1D00F068ED /* AppDelegate.swift in Sources */ = {isa = PBXBuildFile; fileRef = 5FACF59229A0BC1D00F068ED /* AppDelegate.swift */; };
		5FACF59529A0BC1D00F068ED /* SceneDelegate.swift in Sources */ = {isa = PBXBuildFile; fileRef = 5FACF59429A0BC1D00F068ED /* SceneDelegate.swift */; };
		5FACF59C29A0BC1F00F068ED /* Assets.xcassets in Resources */ = {isa = PBXBuildFile; fileRef = 5FACF59B29A0BC1F00F068ED /* Assets.xcassets */; };
		5FACF59F29A0BC1F00F068ED /* LaunchScreen.storyboard in Resources */ = {isa = PBXBuildFile; fileRef = 5FACF59D29A0BC1F00F068ED /* LaunchScreen.storyboard */; };
		5FACF5AA29A0BC1F00F068ED /* WeatherTests.swift in Sources */ = {isa = PBXBuildFile; fileRef = 5FACF5A929A0BC1F00F068ED /* WeatherTests.swift */; };
		5FACF5B429A0BC1F00F068ED /* WeatherUITests.swift in Sources */ = {isa = PBXBuildFile; fileRef = 5FACF5B329A0BC1F00F068ED /* WeatherUITests.swift */; };
		5FACF5B629A0BC1F00F068ED /* WeatherUITestsLaunchTests.swift in Sources */ = {isa = PBXBuildFile; fileRef = 5FACF5B529A0BC1F00F068ED /* WeatherUITestsLaunchTests.swift */; };
		5FACF5CB29A0BE8A00F068ED /* HomeVC.swift in Sources */ = {isa = PBXBuildFile; fileRef = 5FACF5CA29A0BE8A00F068ED /* HomeVC.swift */; };
		5FACF5D029A0C50C00F068ED /* HomeVM.swift in Sources */ = {isa = PBXBuildFile; fileRef = 5FACF5CF29A0C50C00F068ED /* HomeVM.swift */; };
/* End PBXBuildFile section */

/* Begin PBXContainerItemProxy section */
		5FACF5A629A0BC1F00F068ED /* PBXContainerItemProxy */ = {
			isa = PBXContainerItemProxy;
			containerPortal = 5FACF58729A0BC1D00F068ED /* Project object */;
			proxyType = 1;
			remoteGlobalIDString = 5FACF58E29A0BC1D00F068ED;
			remoteInfo = Weather;
		};
		5FACF5B029A0BC1F00F068ED /* PBXContainerItemProxy */ = {
			isa = PBXContainerItemProxy;
			containerPortal = 5FACF58729A0BC1D00F068ED /* Project object */;
			proxyType = 1;
			remoteGlobalIDString = 5FACF58E29A0BC1D00F068ED;
			remoteInfo = Weather;
		};
/* End PBXContainerItemProxy section */

/* Begin PBXFileReference section */
		5F4C936929A260AB001AACCC /* HourlyForecastView.swift */ = {isa = PBXFileReference; lastKnownFileType = sourcecode.swift; path = HourlyForecastView.swift; sourceTree = "<group>"; };
		5F4C936B29A26153001AACCC /* HourlyForecastCVCell.swift */ = {isa = PBXFileReference; lastKnownFileType = sourcecode.swift; path = HourlyForecastCVCell.swift; sourceTree = "<group>"; };
		5F4C936D29A308F6001AACCC /* APIEnvironment.swift */ = {isa = PBXFileReference; lastKnownFileType = sourcecode.swift; path = APIEnvironment.swift; sourceTree = "<group>"; };
		5F619B4229A22F2C002DB2EC /* EndPoints.swift */ = {isa = PBXFileReference; lastKnownFileType = sourcecode.swift; path = EndPoints.swift; sourceTree = "<group>"; };
		5FAC762129A2488A0084392A /* CurrentTemperatureView.swift */ = {isa = PBXFileReference; lastKnownFileType = sourcecode.swift; path = CurrentTemperatureView.swift; sourceTree = "<group>"; };
		5FAC762329A2513F0084392A /* CommonExtentions.swift */ = {isa = PBXFileReference; lastKnownFileType = sourcecode.swift; path = CommonExtentions.swift; sourceTree = "<group>"; };
		5FACF58F29A0BC1D00F068ED /* Weather.app */ = {isa = PBXFileReference; explicitFileType = wrapper.application; includeInIndex = 0; path = Weather.app; sourceTree = BUILT_PRODUCTS_DIR; };
		5FACF59229A0BC1D00F068ED /* AppDelegate.swift */ = {isa = PBXFileReference; lastKnownFileType = sourcecode.swift; path = AppDelegate.swift; sourceTree = "<group>"; };
		5FACF59429A0BC1D00F068ED /* SceneDelegate.swift */ = {isa = PBXFileReference; lastKnownFileType = sourcecode.swift; path = SceneDelegate.swift; sourceTree = "<group>"; };
		5FACF59B29A0BC1F00F068ED /* Assets.xcassets */ = {isa = PBXFileReference; lastKnownFileType = folder.assetcatalog; path = Assets.xcassets; sourceTree = "<group>"; };
		5FACF59E29A0BC1F00F068ED /* Base */ = {isa = PBXFileReference; lastKnownFileType = file.storyboard; name = Base; path = Base.lproj/LaunchScreen.storyboard; sourceTree = "<group>"; };
		5FACF5A029A0BC1F00F068ED /* Info.plist */ = {isa = PBXFileReference; lastKnownFileType = text.plist.xml; path = Info.plist; sourceTree = "<group>"; };
		5FACF5A529A0BC1F00F068ED /* WeatherTests.xctest */ = {isa = PBXFileReference; explicitFileType = wrapper.cfbundle; includeInIndex = 0; path = WeatherTests.xctest; sourceTree = BUILT_PRODUCTS_DIR; };
		5FACF5A929A0BC1F00F068ED /* WeatherTests.swift */ = {isa = PBXFileReference; lastKnownFileType = sourcecode.swift; path = WeatherTests.swift; sourceTree = "<group>"; };
		5FACF5AF29A0BC1F00F068ED /* WeatherUITests.xctest */ = {isa = PBXFileReference; explicitFileType = wrapper.cfbundle; includeInIndex = 0; path = WeatherUITests.xctest; sourceTree = BUILT_PRODUCTS_DIR; };
		5FACF5B329A0BC1F00F068ED /* WeatherUITests.swift */ = {isa = PBXFileReference; lastKnownFileType = sourcecode.swift; path = WeatherUITests.swift; sourceTree = "<group>"; };
		5FACF5B529A0BC1F00F068ED /* WeatherUITestsLaunchTests.swift */ = {isa = PBXFileReference; lastKnownFileType = sourcecode.swift; path = WeatherUITestsLaunchTests.swift; sourceTree = "<group>"; };
		5FACF5CA29A0BE8A00F068ED /* HomeVC.swift */ = {isa = PBXFileReference; lastKnownFileType = sourcecode.swift; path = HomeVC.swift; sourceTree = "<group>"; };
		5FACF5CF29A0C50C00F068ED /* HomeVM.swift */ = {isa = PBXFileReference; lastKnownFileType = sourcecode.swift; path = HomeVM.swift; sourceTree = "<group>"; };
/* End PBXFileReference section */

/* Begin PBXFrameworksBuildPhase section */
		5FACF58C29A0BC1D00F068ED /* Frameworks */ = {
			isa = PBXFrameworksBuildPhase;
			buildActionMask = 2147483647;
			files = (
			);
			runOnlyForDeploymentPostprocessing = 0;
		};
		5FACF5A229A0BC1F00F068ED /* Frameworks */ = {
			isa = PBXFrameworksBuildPhase;
			buildActionMask = 2147483647;
			files = (
			);
			runOnlyForDeploymentPostprocessing = 0;
		};
		5FACF5AC29A0BC1F00F068ED /* Frameworks */ = {
			isa = PBXFrameworksBuildPhase;
			buildActionMask = 2147483647;
			files = (
			);
			runOnlyForDeploymentPostprocessing = 0;
		};
/* End PBXFrameworksBuildPhase section */

/* Begin PBXGroup section */
		5FACF58629A0BC1C00F068ED = {
			isa = PBXGroup;
			children = (
				5FACF59129A0BC1D00F068ED /* Weather */,
				5FACF5A829A0BC1F00F068ED /* WeatherTests */,
				5FACF5B229A0BC1F00F068ED /* WeatherUITests */,
				5FACF59029A0BC1D00F068ED /* Products */,
			);
			sourceTree = "<group>";
		};
		5FACF59029A0BC1D00F068ED /* Products */ = {
			isa = PBXGroup;
			children = (
				5FACF58F29A0BC1D00F068ED /* Weather.app */,
				5FACF5A529A0BC1F00F068ED /* WeatherTests.xctest */,
				5FACF5AF29A0BC1F00F068ED /* WeatherUITests.xctest */,
			);
			name = Products;
			sourceTree = "<group>";
		};
		5FACF59129A0BC1D00F068ED /* Weather */ = {
			isa = PBXGroup;
			children = (
				5FACF5C829A0BD4E00F068ED /* Application */,
				5FACF5C729A0BD3C00F068ED /* SupportingFiles */,
				5FACF5C629A0BD3600F068ED /* Modules */,
				5FACF5C529A0BD2800F068ED /* Network */,
				5FACF5C429A0BD2200F068ED /* Utilities */,
				5FACF5C329A0BD0A00F068ED /* Extenstions */,
				5FACF5C229A0BCD200F068ED /* Assets */,
				5FACF59D29A0BC1F00F068ED /* LaunchScreen.storyboard */,
				5FACF5A029A0BC1F00F068ED /* Info.plist */,
			);
			path = Weather;
			sourceTree = "<group>";
		};
		5FACF5A829A0BC1F00F068ED /* WeatherTests */ = {
			isa = PBXGroup;
			children = (
				5FACF5A929A0BC1F00F068ED /* WeatherTests.swift */,
			);
			path = WeatherTests;
			sourceTree = "<group>";
		};
		5FACF5B229A0BC1F00F068ED /* WeatherUITests */ = {
			isa = PBXGroup;
			children = (
				5FACF5B329A0BC1F00F068ED /* WeatherUITests.swift */,
				5FACF5B529A0BC1F00F068ED /* WeatherUITestsLaunchTests.swift */,
			);
			path = WeatherUITests;
			sourceTree = "<group>";
		};
		5FACF5C229A0BCD200F068ED /* Assets */ = {
			isa = PBXGroup;
			children = (
				5FACF59B29A0BC1F00F068ED /* Assets.xcassets */,
			);
			path = Assets;
			sourceTree = "<group>";
		};
		5FACF5C329A0BD0A00F068ED /* Extenstions */ = {
			isa = PBXGroup;
			children = (
				5FAC762329A2513F0084392A /* CommonExtentions.swift */,
			);
			path = Extenstions;
			sourceTree = "<group>";
		};
		5FACF5C429A0BD2200F068ED /* Utilities */ = {
			isa = PBXGroup;
			children = (
				5F4C936D29A308F6001AACCC /* APIEnvironment.swift */,
			);
			path = Utilities;
			sourceTree = "<group>";
		};
		5FACF5C529A0BD2800F068ED /* Network */ = {
			isa = PBXGroup;
			children = (
				5F619B4229A22F2C002DB2EC /* EndPoints.swift */,
			);
			path = Network;
			sourceTree = "<group>";
		};
		5FACF5C629A0BD3600F068ED /* Modules */ = {
			isa = PBXGroup;
			children = (
				5FACF5C929A0BE6600F068ED /* Home */,
			);
			path = Modules;
			sourceTree = "<group>";
		};
		5FACF5C729A0BD3C00F068ED /* SupportingFiles */ = {
			isa = PBXGroup;
			children = (
			);
			path = SupportingFiles;
			sourceTree = "<group>";
		};
		5FACF5C829A0BD4E00F068ED /* Application */ = {
			isa = PBXGroup;
			children = (
				5FACF59229A0BC1D00F068ED /* AppDelegate.swift */,
				5FACF59429A0BC1D00F068ED /* SceneDelegate.swift */,
			);
			path = Application;
			sourceTree = "<group>";
		};
		5FACF5C929A0BE6600F068ED /* Home */ = {
			isa = PBXGroup;
			children = (
				5FACF5CE29A0C4F800F068ED /* View */,
				5FACF5CD29A0C4E800F068ED /* ViewModel */,
				5FACF5CC29A0C4E500F068ED /* Model */,
			);
			path = Home;
			sourceTree = "<group>";
		};
		5FACF5CC29A0C4E500F068ED /* Model */ = {
			isa = PBXGroup;
			children = (
			);
			path = Model;
			sourceTree = "<group>";
		};
		5FACF5CD29A0C4E800F068ED /* ViewModel */ = {
			isa = PBXGroup;
			children = (
				5FACF5CF29A0C50C00F068ED /* HomeVM.swift */,
			);
			path = ViewModel;
			sourceTree = "<group>";
		};
		5FACF5CE29A0C4F800F068ED /* View */ = {
			isa = PBXGroup;
			children = (
				5FACF5CA29A0BE8A00F068ED /* HomeVC.swift */,
				5FAC762129A2488A0084392A /* CurrentTemperatureView.swift */,
				5F4C936929A260AB001AACCC /* HourlyForecastView.swift */,
				5F4C936B29A26153001AACCC /* HourlyForecastCVCell.swift */,
			);
			path = View;
			sourceTree = "<group>";
		};
/* End PBXGroup section */

/* Begin PBXNativeTarget section */
		5FACF58E29A0BC1D00F068ED /* Weather */ = {
			isa = PBXNativeTarget;
			buildConfigurationList = 5FACF5B929A0BC1F00F068ED /* Build configuration list for PBXNativeTarget "Weather" */;
			buildPhases = (
				5FACF58B29A0BC1D00F068ED /* Sources */,
				5FACF58C29A0BC1D00F068ED /* Frameworks */,
				5FACF58D29A0BC1D00F068ED /* Resources */,
			);
			buildRules = (
			);
			dependencies = (
			);
			name = Weather;
			productName = Weather;
			productReference = 5FACF58F29A0BC1D00F068ED /* Weather.app */;
			productType = "com.apple.product-type.application";
		};
		5FACF5A429A0BC1F00F068ED /* WeatherTests */ = {
			isa = PBXNativeTarget;
			buildConfigurationList = 5FACF5BC29A0BC1F00F068ED /* Build configuration list for PBXNativeTarget "WeatherTests" */;
			buildPhases = (
				5FACF5A129A0BC1F00F068ED /* Sources */,
				5FACF5A229A0BC1F00F068ED /* Frameworks */,
				5FACF5A329A0BC1F00F068ED /* Resources */,
			);
			buildRules = (
			);
			dependencies = (
				5FACF5A729A0BC1F00F068ED /* PBXTargetDependency */,
			);
			name = WeatherTests;
			productName = WeatherTests;
			productReference = 5FACF5A529A0BC1F00F068ED /* WeatherTests.xctest */;
			productType = "com.apple.product-type.bundle.unit-test";
		};
		5FACF5AE29A0BC1F00F068ED /* WeatherUITests */ = {
			isa = PBXNativeTarget;
			buildConfigurationList = 5FACF5BF29A0BC1F00F068ED /* Build configuration list for PBXNativeTarget "WeatherUITests" */;
			buildPhases = (
				5FACF5AB29A0BC1F00F068ED /* Sources */,
				5FACF5AC29A0BC1F00F068ED /* Frameworks */,
				5FACF5AD29A0BC1F00F068ED /* Resources */,
			);
			buildRules = (
			);
			dependencies = (
				5FACF5B129A0BC1F00F068ED /* PBXTargetDependency */,
			);
			name = WeatherUITests;
			productName = WeatherUITests;
			productReference = 5FACF5AF29A0BC1F00F068ED /* WeatherUITests.xctest */;
			productType = "com.apple.product-type.bundle.ui-testing";
		};
/* End PBXNativeTarget section */

/* Begin PBXProject section */
		5FACF58729A0BC1D00F068ED /* Project object */ = {
			isa = PBXProject;
			attributes = {
				BuildIndependentTargetsInParallel = 1;
				LastSwiftUpdateCheck = 1410;
				LastUpgradeCheck = 1410;
				TargetAttributes = {
					5FACF58E29A0BC1D00F068ED = {
						CreatedOnToolsVersion = 14.1;
					};
					5FACF5A429A0BC1F00F068ED = {
						CreatedOnToolsVersion = 14.1;
						TestTargetID = 5FACF58E29A0BC1D00F068ED;
					};
					5FACF5AE29A0BC1F00F068ED = {
						CreatedOnToolsVersion = 14.1;
						TestTargetID = 5FACF58E29A0BC1D00F068ED;
					};
				};
			};
			buildConfigurationList = 5FACF58A29A0BC1D00F068ED /* Build configuration list for PBXProject "Weather" */;
			compatibilityVersion = "Xcode 14.0";
			developmentRegion = en;
			hasScannedForEncodings = 0;
			knownRegions = (
				en,
				Base,
			);
			mainGroup = 5FACF58629A0BC1C00F068ED;
			productRefGroup = 5FACF59029A0BC1D00F068ED /* Products */;
			projectDirPath = "";
			projectRoot = "";
			targets = (
				5FACF58E29A0BC1D00F068ED /* Weather */,
				5FACF5A429A0BC1F00F068ED /* WeatherTests */,
				5FACF5AE29A0BC1F00F068ED /* WeatherUITests */,
			);
		};
/* End PBXProject section */

/* Begin PBXResourcesBuildPhase section */
		5FACF58D29A0BC1D00F068ED /* Resources */ = {
			isa = PBXResourcesBuildPhase;
			buildActionMask = 2147483647;
			files = (
				5FACF59F29A0BC1F00F068ED /* LaunchScreen.storyboard in Resources */,
				5FACF59C29A0BC1F00F068ED /* Assets.xcassets in Resources */,
			);
			runOnlyForDeploymentPostprocessing = 0;
		};
		5FACF5A329A0BC1F00F068ED /* Resources */ = {
			isa = PBXResourcesBuildPhase;
			buildActionMask = 2147483647;
			files = (
			);
			runOnlyForDeploymentPostprocessing = 0;
		};
		5FACF5AD29A0BC1F00F068ED /* Resources */ = {
			isa = PBXResourcesBuildPhase;
			buildActionMask = 2147483647;
			files = (
			);
			runOnlyForDeploymentPostprocessing = 0;
		};
/* End PBXResourcesBuildPhase section */

/* Begin PBXSourcesBuildPhase section */
		5FACF58B29A0BC1D00F068ED /* Sources */ = {
			isa = PBXSourcesBuildPhase;
			buildActionMask = 2147483647;
			files = (
				5F4C936A29A260AB001AACCC /* HourlyForecastView.swift in Sources */,
				5FACF5CB29A0BE8A00F068ED /* HomeVC.swift in Sources */,
				5F4C936C29A26153001AACCC /* HourlyForecastCVCell.swift in Sources */,
				5F619B4329A22F2C002DB2EC /* EndPoints.swift in Sources */,
				5FAC762429A2513F0084392A /* CommonExtentions.swift in Sources */,
				5F4C936E29A308F6001AACCC /* APIEnvironment.swift in Sources */,
				5FACF59329A0BC1D00F068ED /* AppDelegate.swift in Sources */,
				5FACF59529A0BC1D00F068ED /* SceneDelegate.swift in Sources */,
				5FACF5D029A0C50C00F068ED /* HomeVM.swift in Sources */,
				5FAC762229A2488A0084392A /* CurrentTemperatureView.swift in Sources */,
			);
			runOnlyForDeploymentPostprocessing = 0;
		};
		5FACF5A129A0BC1F00F068ED /* Sources */ = {
			isa = PBXSourcesBuildPhase;
			buildActionMask = 2147483647;
			files = (
				5FACF5AA29A0BC1F00F068ED /* WeatherTests.swift in Sources */,
			);
			runOnlyForDeploymentPostprocessing = 0;
		};
		5FACF5AB29A0BC1F00F068ED /* Sources */ = {
			isa = PBXSourcesBuildPhase;
			buildActionMask = 2147483647;
			files = (
				5FACF5B429A0BC1F00F068ED /* WeatherUITests.swift in Sources */,
				5FACF5B629A0BC1F00F068ED /* WeatherUITestsLaunchTests.swift in Sources */,
			);
			runOnlyForDeploymentPostprocessing = 0;
		};
/* End PBXSourcesBuildPhase section */

/* Begin PBXTargetDependency section */
		5FACF5A729A0BC1F00F068ED /* PBXTargetDependency */ = {
			isa = PBXTargetDependency;
			target = 5FACF58E29A0BC1D00F068ED /* Weather */;
			targetProxy = 5FACF5A629A0BC1F00F068ED /* PBXContainerItemProxy */;
		};
		5FACF5B129A0BC1F00F068ED /* PBXTargetDependency */ = {
			isa = PBXTargetDependency;
			target = 5FACF58E29A0BC1D00F068ED /* Weather */;
			targetProxy = 5FACF5B029A0BC1F00F068ED /* PBXContainerItemProxy */;
		};
/* End PBXTargetDependency section */

/* Begin PBXVariantGroup section */
		5FACF59D29A0BC1F00F068ED /* LaunchScreen.storyboard */ = {
			isa = PBXVariantGroup;
			children = (
				5FACF59E29A0BC1F00F068ED /* Base */,
			);
			name = LaunchScreen.storyboard;
			sourceTree = "<group>";
		};
/* End PBXVariantGroup section */

/* Begin XCBuildConfiguration section */
		5FACF5B729A0BC1F00F068ED /* Debug */ = {
			isa = XCBuildConfiguration;
			buildSettings = {
				ALWAYS_SEARCH_USER_PATHS = NO;
				CLANG_ANALYZER_NONNULL = YES;
				CLANG_ANALYZER_NUMBER_OBJECT_CONVERSION = YES_AGGRESSIVE;
				CLANG_CXX_LANGUAGE_STANDARD = "gnu++20";
				CLANG_ENABLE_MODULES = YES;
				CLANG_ENABLE_OBJC_ARC = YES;
				CLANG_ENABLE_OBJC_WEAK = YES;
				CLANG_WARN_BLOCK_CAPTURE_AUTORELEASING = YES;
				CLANG_WARN_BOOL_CONVERSION = YES;
				CLANG_WARN_COMMA = YES;
				CLANG_WARN_CONSTANT_CONVERSION = YES;
				CLANG_WARN_DEPRECATED_OBJC_IMPLEMENTATIONS = YES;
				CLANG_WARN_DIRECT_OBJC_ISA_USAGE = YES_ERROR;
				CLANG_WARN_DOCUMENTATION_COMMENTS = YES;
				CLANG_WARN_EMPTY_BODY = YES;
				CLANG_WARN_ENUM_CONVERSION = YES;
				CLANG_WARN_INFINITE_RECURSION = YES;
				CLANG_WARN_INT_CONVERSION = YES;
				CLANG_WARN_NON_LITERAL_NULL_CONVERSION = YES;
				CLANG_WARN_OBJC_IMPLICIT_RETAIN_SELF = YES;
				CLANG_WARN_OBJC_LITERAL_CONVERSION = YES;
				CLANG_WARN_OBJC_ROOT_CLASS = YES_ERROR;
				CLANG_WARN_QUOTED_INCLUDE_IN_FRAMEWORK_HEADER = YES;
				CLANG_WARN_RANGE_LOOP_ANALYSIS = YES;
				CLANG_WARN_STRICT_PROTOTYPES = YES;
				CLANG_WARN_SUSPICIOUS_MOVE = YES;
				CLANG_WARN_UNGUARDED_AVAILABILITY = YES_AGGRESSIVE;
				CLANG_WARN_UNREACHABLE_CODE = YES;
				CLANG_WARN__DUPLICATE_METHOD_MATCH = YES;
				COPY_PHASE_STRIP = NO;
				DEBUG_INFORMATION_FORMAT = dwarf;
				ENABLE_STRICT_OBJC_MSGSEND = YES;
				ENABLE_TESTABILITY = YES;
				GCC_C_LANGUAGE_STANDARD = gnu11;
				GCC_DYNAMIC_NO_PIC = NO;
				GCC_NO_COMMON_BLOCKS = YES;
				GCC_OPTIMIZATION_LEVEL = 0;
				GCC_PREPROCESSOR_DEFINITIONS = (
					"DEBUG=1",
					"$(inherited)",
				);
				GCC_WARN_64_TO_32_BIT_CONVERSION = YES;
				GCC_WARN_ABOUT_RETURN_TYPE = YES_ERROR;
				GCC_WARN_UNDECLARED_SELECTOR = YES;
				GCC_WARN_UNINITIALIZED_AUTOS = YES_AGGRESSIVE;
				GCC_WARN_UNUSED_FUNCTION = YES;
				GCC_WARN_UNUSED_VARIABLE = YES;
				IPHONEOS_DEPLOYMENT_TARGET = 16.1;
				MTL_ENABLE_DEBUG_INFO = INCLUDE_SOURCE;
				MTL_FAST_MATH = YES;
				ONLY_ACTIVE_ARCH = YES;
				SDKROOT = iphoneos;
				SWIFT_ACTIVE_COMPILATION_CONDITIONS = DEBUG;
				SWIFT_OPTIMIZATION_LEVEL = "-Onone";
			};
			name = Debug;
		};
		5FACF5B829A0BC1F00F068ED /* Release */ = {
			isa = XCBuildConfiguration;
			buildSettings = {
				ALWAYS_SEARCH_USER_PATHS = NO;
				CLANG_ANALYZER_NONNULL = YES;
				CLANG_ANALYZER_NUMBER_OBJECT_CONVERSION = YES_AGGRESSIVE;
				CLANG_CXX_LANGUAGE_STANDARD = "gnu++20";
				CLANG_ENABLE_MODULES = YES;
				CLANG_ENABLE_OBJC_ARC = YES;
				CLANG_ENABLE_OBJC_WEAK = YES;
				CLANG_WARN_BLOCK_CAPTURE_AUTORELEASING = YES;
				CLANG_WARN_BOOL_CONVERSION = YES;
				CLANG_WARN_COMMA = YES;
				CLANG_WARN_CONSTANT_CONVERSION = YES;
				CLANG_WARN_DEPRECATED_OBJC_IMPLEMENTATIONS = YES;
				CLANG_WARN_DIRECT_OBJC_ISA_USAGE = YES_ERROR;
				CLANG_WARN_DOCUMENTATION_COMMENTS = YES;
				CLANG_WARN_EMPTY_BODY = YES;
				CLANG_WARN_ENUM_CONVERSION = YES;
				CLANG_WARN_INFINITE_RECURSION = YES;
				CLANG_WARN_INT_CONVERSION = YES;
				CLANG_WARN_NON_LITERAL_NULL_CONVERSION = YES;
				CLANG_WARN_OBJC_IMPLICIT_RETAIN_SELF = YES;
				CLANG_WARN_OBJC_LITERAL_CONVERSION = YES;
				CLANG_WARN_OBJC_ROOT_CLASS = YES_ERROR;
				CLANG_WARN_QUOTED_INCLUDE_IN_FRAMEWORK_HEADER = YES;
				CLANG_WARN_RANGE_LOOP_ANALYSIS = YES;
				CLANG_WARN_STRICT_PROTOTYPES = YES;
				CLANG_WARN_SUSPICIOUS_MOVE = YES;
				CLANG_WARN_UNGUARDED_AVAILABILITY = YES_AGGRESSIVE;
				CLANG_WARN_UNREACHABLE_CODE = YES;
				CLANG_WARN__DUPLICATE_METHOD_MATCH = YES;
				COPY_PHASE_STRIP = NO;
				DEBUG_INFORMATION_FORMAT = "dwarf-with-dsym";
				ENABLE_NS_ASSERTIONS = NO;
				ENABLE_STRICT_OBJC_MSGSEND = YES;
				GCC_C_LANGUAGE_STANDARD = gnu11;
				GCC_NO_COMMON_BLOCKS = YES;
				GCC_WARN_64_TO_32_BIT_CONVERSION = YES;
				GCC_WARN_ABOUT_RETURN_TYPE = YES_ERROR;
				GCC_WARN_UNDECLARED_SELECTOR = YES;
				GCC_WARN_UNINITIALIZED_AUTOS = YES_AGGRESSIVE;
				GCC_WARN_UNUSED_FUNCTION = YES;
				GCC_WARN_UNUSED_VARIABLE = YES;
				IPHONEOS_DEPLOYMENT_TARGET = 16.1;
				MTL_ENABLE_DEBUG_INFO = NO;
				MTL_FAST_MATH = YES;
				SDKROOT = iphoneos;
				SWIFT_COMPILATION_MODE = wholemodule;
				SWIFT_OPTIMIZATION_LEVEL = "-O";
				VALIDATE_PRODUCT = YES;
			};
			name = Release;
		};
		5FACF5BA29A0BC1F00F068ED /* Debug */ = {
			isa = XCBuildConfiguration;
			buildSettings = {
				ASSETCATALOG_COMPILER_APPICON_NAME = AppIcon;
				ASSETCATALOG_COMPILER_GLOBAL_ACCENT_COLOR_NAME = AccentColor;
				CODE_SIGN_STYLE = Automatic;
				CURRENT_PROJECT_VERSION = 1;
				DEVELOPMENT_TEAM = 7XSG63BDFK;
				GENERATE_INFOPLIST_FILE = YES;
				INFOPLIST_FILE = Weather/Info.plist;
				INFOPLIST_KEY_CFBundleDisplayName = Weather;
				INFOPLIST_KEY_LSApplicationCategoryType = "public.app-category.weather";
				INFOPLIST_KEY_NSLocationWhenInUseUsageDescription = "App needs your location to find the weather informations.";
				INFOPLIST_KEY_UIApplicationSupportsIndirectInputEvents = YES;
				INFOPLIST_KEY_UILaunchStoryboardName = LaunchScreen.storyboard;
				INFOPLIST_KEY_UISupportedInterfaceOrientations = UIInterfaceOrientationPortrait;
				IPHONEOS_DEPLOYMENT_TARGET = 14.0;
				LD_RUNPATH_SEARCH_PATHS = (
					"$(inherited)",
					"@executable_path/Frameworks",
				);
				MARKETING_VERSION = 1.0;
				PRODUCT_BUNDLE_IDENTIFIER = com.mathi.weather;
				PRODUCT_NAME = "$(TARGET_NAME)";
				SWIFT_EMIT_LOC_STRINGS = YES;
				SWIFT_VERSION = 5.0;
				TARGETED_DEVICE_FAMILY = "1,2";
			};
			name = Debug;
		};
		5FACF5BB29A0BC1F00F068ED /* Release */ = {
			isa = XCBuildConfiguration;
			buildSettings = {
				ASSETCATALOG_COMPILER_APPICON_NAME = AppIcon;
				ASSETCATALOG_COMPILER_GLOBAL_ACCENT_COLOR_NAME = AccentColor;
				CODE_SIGN_STYLE = Automatic;
				CURRENT_PROJECT_VERSION = 1;
				DEVELOPMENT_TEAM = 7XSG63BDFK;
				GENERATE_INFOPLIST_FILE = YES;
				INFOPLIST_FILE = Weather/Info.plist;
				INFOPLIST_KEY_CFBundleDisplayName = Weather;
				INFOPLIST_KEY_LSApplicationCategoryType = "public.app-category.weather";
				INFOPLIST_KEY_NSLocationWhenInUseUsageDescription = "App needs your location to find the weather informations.";
				INFOPLIST_KEY_UIApplicationSupportsIndirectInputEvents = YES;
				INFOPLIST_KEY_UILaunchStoryboardName = LaunchScreen.storyboard;
				INFOPLIST_KEY_UISupportedInterfaceOrientations = UIInterfaceOrientationPortrait;
				IPHONEOS_DEPLOYMENT_TARGET = 14.0;
				LD_RUNPATH_SEARCH_PATHS = (
					"$(inherited)",
					"@executable_path/Frameworks",
				);
				MARKETING_VERSION = 1.0;
				PRODUCT_BUNDLE_IDENTIFIER = com.mathi.weather;
				PRODUCT_NAME = "$(TARGET_NAME)";
				SWIFT_EMIT_LOC_STRINGS = YES;
				SWIFT_VERSION = 5.0;
				TARGETED_DEVICE_FAMILY = "1,2";
			};
			name = Release;
		};
		5FACF5BD29A0BC1F00F068ED /* Debug */ = {
			isa = XCBuildConfiguration;
			buildSettings = {
				ALWAYS_EMBED_SWIFT_STANDARD_LIBRARIES = YES;
				BUNDLE_LOADER = "$(TEST_HOST)";
				CODE_SIGN_STYLE = Automatic;
				CURRENT_PROJECT_VERSION = 1;
				DEVELOPMENT_TEAM = 7XSG63BDFK;
				GENERATE_INFOPLIST_FILE = YES;
				IPHONEOS_DEPLOYMENT_TARGET = 14.0;
				MARKETING_VERSION = 1.0;
				PRODUCT_BUNDLE_IDENTIFIER = com.mathi.WeatherTests;
				PRODUCT_NAME = "$(TARGET_NAME)";
				SWIFT_EMIT_LOC_STRINGS = NO;
				SWIFT_VERSION = 5.0;
				TARGETED_DEVICE_FAMILY = "1,2";
				TEST_HOST = "$(BUILT_PRODUCTS_DIR)/Weather.app/$(BUNDLE_EXECUTABLE_FOLDER_PATH)/Weather";
			};
			name = Debug;
		};
		5FACF5BE29A0BC1F00F068ED /* Release */ = {
			isa = XCBuildConfiguration;
			buildSettings = {
				ALWAYS_EMBED_SWIFT_STANDARD_LIBRARIES = YES;
				BUNDLE_LOADER = "$(TEST_HOST)";
				CODE_SIGN_STYLE = Automatic;
				CURRENT_PROJECT_VERSION = 1;
				DEVELOPMENT_TEAM = 7XSG63BDFK;
				GENERATE_INFOPLIST_FILE = YES;
				IPHONEOS_DEPLOYMENT_TARGET = 14.0;
				MARKETING_VERSION = 1.0;
				PRODUCT_BUNDLE_IDENTIFIER = com.mathi.WeatherTests;
				PRODUCT_NAME = "$(TARGET_NAME)";
				SWIFT_EMIT_LOC_STRINGS = NO;
				SWIFT_VERSION = 5.0;
				TARGETED_DEVICE_FAMILY = "1,2";
				TEST_HOST = "$(BUILT_PRODUCTS_DIR)/Weather.app/$(BUNDLE_EXECUTABLE_FOLDER_PATH)/Weather";
			};
			name = Release;
		};
		5FACF5C029A0BC1F00F068ED /* Debug */ = {
			isa = XCBuildConfiguration;
			buildSettings = {
				ALWAYS_EMBED_SWIFT_STANDARD_LIBRARIES = YES;
				CODE_SIGN_STYLE = Automatic;
				CURRENT_PROJECT_VERSION = 1;
				DEVELOPMENT_TEAM = 7XSG63BDFK;
				GENERATE_INFOPLIST_FILE = YES;
				INFOPLIST_KEY_NSLocationWhenInUseUsageDescription = "";
				IPHONEOS_DEPLOYMENT_TARGET = 14.0;
				MARKETING_VERSION = 1.0;
				PRODUCT_BUNDLE_IDENTIFIER = com.mathi.WeatherUITests;
				PRODUCT_NAME = "$(TARGET_NAME)";
				SWIFT_EMIT_LOC_STRINGS = NO;
				SWIFT_VERSION = 5.0;
				TARGETED_DEVICE_FAMILY = "1,2";
				TEST_TARGET_NAME = Weather;
			};
			name = Debug;
		};
		5FACF5C129A0BC1F00F068ED /* Release */ = {
			isa = XCBuildConfiguration;
			buildSettings = {
				ALWAYS_EMBED_SWIFT_STANDARD_LIBRARIES = YES;
				CODE_SIGN_STYLE = Automatic;
				CURRENT_PROJECT_VERSION = 1;
				DEVELOPMENT_TEAM = 7XSG63BDFK;
				GENERATE_INFOPLIST_FILE = YES;
				INFOPLIST_KEY_NSLocationWhenInUseUsageDescription = "";
				IPHONEOS_DEPLOYMENT_TARGET = 14.0;
				MARKETING_VERSION = 1.0;
				PRODUCT_BUNDLE_IDENTIFIER = com.mathi.WeatherUITests;
				PRODUCT_NAME = "$(TARGET_NAME)";
				SWIFT_EMIT_LOC_STRINGS = NO;
				SWIFT_VERSION = 5.0;
				TARGETED_DEVICE_FAMILY = "1,2";
				TEST_TARGET_NAME = Weather;
			};
			name = Release;
		};
/* End XCBuildConfiguration section */

/* Begin XCConfigurationList section */
		5FACF58A29A0BC1D00F068ED /* Build configuration list for PBXProject "Weather" */ = {
			isa = XCConfigurationList;
			buildConfigurations = (
				5FACF5B729A0BC1F00F068ED /* Debug */,
				5FACF5B829A0BC1F00F068ED /* Release */,
			);
			defaultConfigurationIsVisible = 0;
			defaultConfigurationName = Release;
		};
		5FACF5B929A0BC1F00F068ED /* Build configuration list for PBXNativeTarget "Weather" */ = {
			isa = XCConfigurationList;
			buildConfigurations = (
				5FACF5BA29A0BC1F00F068ED /* Debug */,
				5FACF5BB29A0BC1F00F068ED /* Release */,
			);
			defaultConfigurationIsVisible = 0;
			defaultConfigurationName = Release;
		};
		5FACF5BC29A0BC1F00F068ED /* Build configuration list for PBXNativeTarget "WeatherTests" */ = {
			isa = XCConfigurationList;
			buildConfigurations = (
				5FACF5BD29A0BC1F00F068ED /* Debug */,
				5FACF5BE29A0BC1F00F068ED /* Release */,
			);
			defaultConfigurationIsVisible = 0;
			defaultConfigurationName = Release;
		};
		5FACF5BF29A0BC1F00F068ED /* Build configuration list for PBXNativeTarget "WeatherUITests" */ = {
			isa = XCConfigurationList;
			buildConfigurations = (
				5FACF5C029A0BC1F00F068ED /* Debug */,
				5FACF5C129A0BC1F00F068ED /* Release */,
			);
			defaultConfigurationIsVisible = 0;
			defaultConfigurationName = Release;
		};
/* End XCConfigurationList section */
	};
	rootObject = 5FACF58729A0BC1D00F068ED /* Project object */;
}
